
Microsoft Visual Studio Solution File, Format Version 12.00
# Visual Studio Version 17
VisualStudioVersion = 17.14.36414.22 d17.14
MinimumVisualStudioVersion = 10.0.40219.1
Project("{FAE04EC0-301F-11D3-BF4B-00C04F79EFBC}") = "ExperimentWithControls", "ExperimentWithControls\ExperimentWithControls.csproj", "{C5E7C19B-910D-4D96-8D56-9B7EF3758D7D}"
EndProject
Global
	GlobalSection(SolutionConfigurationPlatforms) = preSolution
		Debug|Any CPU = Debug|Any CPU
		Release|Any CPU = Release|Any CPU
	EndGlobalSection
	GlobalSection(ProjectConfigurationPlatforms) = postSolution
		{C5E7C19B-910D-4D96-8D56-9B7EF3758D7D}.Debug|Any CPU.ActiveCfg = Debug|Any CPU
		{C5E7C19B-910D-4D96-8D56-9B7EF3758D7D}.Debug|Any CPU.Build.0 = Debug|Any CPU
		{C5E7C19B-910D-4D96-8D56-9B7EF3758D7D}.Release|Any CPU.ActiveCfg = Release|Any CPU
		{C5E7C19B-910D-4D96-8D56-9B7EF3758D7D}.Release|Any CPU.Build.0 = Release|Any CPU
	EndGlobalSection
	GlobalSection(SolutionProperties) = preSolution
		HideSolutionNode = FALSE
	EndGlobalSection
	GlobalSection(ExtensibilityGlobals) = postSolution
		SolutionGuid = {4F0951CA-4891-4828-B8A9-4416E0BAC801}
	EndGlobalSection
EndGlobal
